
Microsoft Visual Studio Solution File, Format Version 12.00
# Visual Studio Version 17
VisualStudioVersion = 17.2.32630.192
MinimumVisualStudioVersion = 10.0.40219.1
EndProject
EndProject
EndProject
EndProject
EndProject
EndProject
Global
	GlobalSection(SolutionConfigurationPlatforms) = preSolution
		Debug|Any CPU = Debug|Any CPU
		Release|Any CPU = Release|Any CPU
	EndGlobalSection
	GlobalSection(ProjectConfigurationPlatforms) = postSolution
		{0567BD7F-49F5-4A60-A9AA-A0072B68FAFD}.Debug|Any CPU.ActiveCfg = Debug|Any CPU
		{0567BD7F-49F5-4A60-A9AA-A0072B68FAFD}.Debug|Any CPU.Build.0 = Debug|Any CPU
		{0567BD7F-49F5-4A60-A9AA-A0072B68FAFD}.Release|Any CPU.ActiveCfg = Release|Any CPU
		{0567BD7F-49F5-4A60-A9AA-A0072B68FAFD}.Release|Any CPU.Build.0 = Release|Any CPU
		{1B1D747F-BA8B-4951-A0D8-85AD6C2B6D71}.Debug|Any CPU.ActiveCfg = Debug|Any CPU
		{1B1D747F-BA8B-4951-A0D8-85AD6C2B6D71}.Debug|Any CPU.Build.0 = Debug|Any CPU
		{1B1D747F-BA8B-4951-A0D8-85AD6C2B6D71}.Release|Any CPU.ActiveCfg = Release|Any CPU
		{1B1D747F-BA8B-4951-A0D8-85AD6C2B6D71}.Release|Any CPU.Build.0 = Release|Any CPU
		{744E5482-7EB2-487A-87EC-68B16B4F2E2E}.Debug|Any CPU.ActiveCfg = Debug|Any CPU
		{744E5482-7EB2-487A-87EC-68B16B4F2E2E}.Debug|Any CPU.Build.0 = Debug|Any CPU
		{744E5482-7EB2-487A-87EC-68B16B4F2E2E}.Release|Any CPU.ActiveCfg = Release|Any CPU
		{744E5482-7EB2-487A-87EC-68B16B4F2E2E}.Release|Any CPU.Build.0 = Release|Any CPU
		{8B67D17D-69A9-4FA2-A8A8-137E7A519760}.Debug|Any CPU.ActiveCfg = Debug|Any CPU
		{8B67D17D-69A9-4FA2-A8A8-137E7A519760}.Debug|Any CPU.Build.0 = Debug|Any CPU
		{8B67D17D-69A9-4FA2-A8A8-137E7A519760}.Release|Any CPU.ActiveCfg = Release|Any CPU
		{8B67D17D-69A9-4FA2-A8A8-137E7A519760}.Release|Any CPU.Build.0 = Release|Any CPU
		{C04CAE85-8F6C-4DEE-B5A4-D91D9C6F58BD}.Debug|Any CPU.ActiveCfg = Debug|Any CPU
		{C04CAE85-8F6C-4DEE-B5A4-D91D9C6F58BD}.Debug|Any CPU.Build.0 = Debug|Any CPU
		{C04CAE85-8F6C-4DEE-B5A4-D91D9C6F58BD}.Release|Any CPU.ActiveCfg = Release|Any CPU
		{C04CAE85-8F6C-4DEE-B5A4-D91D9C6F58BD}.Release|Any CPU.Build.0 = Release|Any CPU
		{53B1CDD4-6BB0-4C0A-BF17-0B26C331AD3A}.Debug|Any CPU.ActiveCfg = Debug|Any CPU
		{53B1CDD4-6BB0-4C0A-BF17-0B26C331AD3A}.Debug|Any CPU.Build.0 = Debug|Any CPU
		{53B1CDD4-6BB0-4C0A-BF17-0B26C331AD3A}.Release|Any CPU.ActiveCfg = Release|Any CPU
		{53B1CDD4-6BB0-4C0A-BF17-0B26C331AD3A}.Release|Any CPU.Build.0 = Release|Any CPU
		{29452085-2E9B-4FCC-95EF-C4707B4D4131}.Debug|Any CPU.ActiveCfg = Debug|Any CPU
		{29452085-2E9B-4FCC-95EF-C4707B4D4131}.Debug|Any CPU.Build.0 = Debug|Any CPU
		{29452085-2E9B-4FCC-95EF-C4707B4D4131}.Release|Any CPU.ActiveCfg = Release|Any CPU
		{29452085-2E9B-4FCC-95EF-C4707B4D4131}.Release|Any CPU.Build.0 = Release|Any CPU
	EndGlobalSection
	GlobalSection(SolutionProperties) = preSolution
		HideSolutionNode = FALSE
	EndGlobalSection
	GlobalSection(ExtensibilityGlobals) = postSolution
		SolutionGuid = {41EB37CA-4B9A-42E0-95EC-285C0506CDF1}
	EndGlobalSection
EndGlobal
